schema: '2.0'
stages:
  evaluate:
    cmd: python main.py StructureEstimationExample.py data/data.json result66.json
    deps:
    - path: StructureEstimationExample.py
      md5: 849709114ecd7091396f56ad9d37e1f9
      size: 2101
    - path: data/data.json
      md5: 866cb5fe836208d418163e2cfad0c001
      size: 58539527
    - path: main.py
      md5: 791196b95cec5e4f8e55c6880d85df90
      size: 192
    outs:
    - path: output/result666.json
      md5: cfe6630290953bd48730f4d2e036d8db
      size: 344
