schema: '2.0'
stages:
  feature:
    cmd: python3.8 structureEstimation.py data
    deps:
    - path: data
      md5: a25091bacfdb570fa46e5d922624b2a9.dir
      size: 95288455621
      nfiles: 793
    - path: structureEstimation.py
      md5: 808cbdc52996f483b07fca10a284dab7
      size: 4175
    params:
      params.yaml:
        feature.cardinality:
        - binary
        - ternary
        - quaternary
        feature.density:
        - 4
        feature.number_trajectories: 300
        feature.number_variables:
        - 3
        - 4
        - 5
        - 6
        - 10
    outs:
    - path: output/estimateStructure.json
      md5: 57d0d07f0a4a59a0f7c89816d65670cb
      size: 33319
    - path: output/realStructure.json
      md5: 7974a3645c0a2e4bd25fbda9285c1bda
      size: 82093
  evaluate:
    cmd: python3.8 metricsCalculator.py output/realStructure.json output/estimateStructure.json
    deps:
    - path: metricsCalculator.py
      md5: a835f3048c829327a7c172a6c7053f47
      size: 5207
    - path: output/estimateStructure.json
      md5: 78adb5e9e43c890a8f3e5cf2e1eafc05
      size: 33319
    - path: output/realStructure.json
      md5: 7974a3645c0a2e4bd25fbda9285c1bda
      size: 82093
    outs:
    - path: output/metrics.json
      md5: f6abacf288e2d89987b157bb61033b4d
      size: 26658
